// !$*UTF8*$!
{
	archiveVersion = 1;
	classes = {
	};
	objectVersion = 56;
	objects = {

/* Begin PBXBuildFile section */
		B0000000000000000000000B /* AppDelegate.swift in Sources */ = {isa = PBXBuildFile; fileRef = B0000000000000000000000A /* AppDelegate.swift */; };
		B1000000000000000000000B /* SolarMath.swift in Sources */ = {isa = PBXBuildFile; fileRef = B1000000000000000000000A /* SolarMath.swift */; };
		B2000000000000000000000B /* ParagondayController.swift in Sources */ = {isa = PBXBuildFile; fileRef = B2000000000000000000000A /* ParagondayController.swift */; };
		B3000000000000000000000B /* main.swift in Sources */ = {isa = PBXBuildFile; fileRef = B3000000000000000000000A /* main.swift */; };
		B4000000000000000000000B /* APIClient.swift in Sources */ = {isa = PBXBuildFile; fileRef = B4000000000000000000000A /* APIClient.swift */; };
		C1000000000000000000000B /* AppIcon.icns in Resources */ = {isa = PBXBuildFile; fileRef = C1000000000000000000000A /* AppIcon.icns */; };
/* End PBXBuildFile section */

/* Begin PBXFileReference section */
		B0000000000000000000000A /* AppDelegate.swift */ = {isa = PBXFileReference; lastKnownFileType = sourcecode.swift; path = AppDelegate.swift; sourceTree = "<group>"; };
		B1000000000000000000000A /* SolarMath.swift */ = {isa = PBXFileReference; lastKnownFileType = sourcecode.swift; path = SolarMath.swift; sourceTree = "<group>"; };
		B2000000000000000000000A /* ParagondayController.swift */ = {isa = PBXFileReference; lastKnownFileType = sourcecode.swift; path = ParagondayController.swift; sourceTree = "<group>"; };
		B3000000000000000000000A /* main.swift */ = {isa = PBXFileReference; lastKnownFileType = sourcecode.swift; path = main.swift; sourceTree = "<group>"; };
		B4000000000000000000000A /* APIClient.swift */ = {isa = PBXFileReference; lastKnownFileType = sourcecode.swift; path = APIClient.swift; sourceTree = "<group>"; };
		C1000000000000000000000A /* AppIcon.icns */ = {isa = PBXFileReference; lastKnownFileType = image.icns; path = AppIcon.icns; sourceTree = "<group>"; };
		C0000000000000000000000A /* Info.plist */ = {isa = PBXFileReference; lastKnownFileType = text.plist.xml; path = Info.plist; sourceTree = "<group>"; };
		D0000000000000000000000A /* Paragonday.app */ = {isa = PBXFileReference; explicitFileType = wrapper.application; includeInIndex = 0; path = Paragonday.app; sourceTree = BUILT_PRODUCTS_DIR; };
/* End PBXFileReference section */

/* Begin PBXFrameworksBuildPhase section */
		AC000000000000000000000A /* Frameworks */ = {
			isa = PBXFrameworksBuildPhase;
			buildActionMask = 2147483647;
			files = (
			);
			runOnlyForDeploymentPostprocessing = 0;
		};
/* End PBXFrameworksBuildPhase section */

/* Begin PBXGroup section */
		A1000000000000000000000A = {
			isa = PBXGroup;
			children = (
				A2000000000000000000000A /* Paragonday */,
				A3000000000000000000000A /* Products */,
			);
			sourceTree = "<group>";
		};
		A2000000000000000000000A /* Paragonday */ = {
			isa = PBXGroup;
			children = (
				B3000000000000000000000A /* main.swift */,
				B0000000000000000000000A /* AppDelegate.swift */,
				B2000000000000000000000A /* ParagondayController.swift */,
				B1000000000000000000000A /* SolarMath.swift */,
				B4000000000000000000000A /* APIClient.swift */,
				C1000000000000000000000A /* AppIcon.icns */,
				C0000000000000000000000A /* Info.plist */,
			);
			path = Paragonday;
			sourceTree = "<group>";
		};
		A3000000000000000000000A /* Products */ = {
			isa = PBXGroup;
			children = (
				D0000000000000000000000A /* Paragonday.app */,
			);
			name = Products;
			sourceTree = "<group>";
		};
/* End PBXGroup section */

/* Begin PBXNativeTarget section */
		A4000000000000000000000A /* Paragonday */ = {
			isa = PBXNativeTarget;
			buildConfigurationList = A6000000000000000000000A /* Build configuration list for PBXNativeTarget "Paragonday" */;
			buildPhases = (
				AB000000000000000000000A /* Sources */,
				AC000000000000000000000A /* Frameworks */,
				AD000000000000000000000A /* Resources */,
			);
			buildRules = (
			);
			dependencies = (
			);
			name = Paragonday;
			productName = Paragonday;
			productReference = D0000000000000000000000A /* Paragonday.app */;
			productType = "com.apple.product-type.application";
		};
/* End PBXNativeTarget section */

/* Begin PBXProject section */
		A0000000000000000000000A /* Project object */ = {
			isa = PBXProject;
			attributes = {
				BuildIndependentTargetsInParallel = YES;
				LastSwiftUpdateCheck = 1500;
				LastUpgradeCheck = 1500;
				TargetAttributes = {
					A4000000000000000000000A = {
						CreatedOnToolsVersion = 15.0;
					};
				};
			};
			buildConfigurationList = A5000000000000000000000A /* Build configuration list for PBXProject "Paragonday" */;
			compatibilityVersion = "Xcode 14.0";
			developmentRegion = en;
			hasScannedForEncodings = 0;
			knownRegions = (
				en,
				Base,
			);
			mainGroup = A1000000000000000000000A;
			productRefGroup = A3000000000000000000000A /* Products */;
			projectDirPath = "";
			projectRoot = "";
			targets = (
				A4000000000000000000000A /* Paragonday */,
			);
		};
/* End PBXProject section */

/* Begin PBXResourcesBuildPhase section */
		AD000000000000000000000A /* Resources */ = {
			isa = PBXResourcesBuildPhase;
			buildActionMask = 2147483647;
			files = (
				C1000000000000000000000B /* AppIcon.icns in Resources */,
			);
			runOnlyForDeploymentPostprocessing = 0;
		};
/* End PBXResourcesBuildPhase section */

/* Begin PBXSourcesBuildPhase section */
		AB000000000000000000000A /* Sources */ = {
			isa = PBXSourcesBuildPhase;
			buildActionMask = 2147483647;
			files = (
				B3000000000000000000000B /* main.swift in Sources */,
				B0000000000000000000000B /* AppDelegate.swift in Sources */,
				B2000000000000000000000B /* ParagondayController.swift in Sources */,
				B1000000000000000000000B /* SolarMath.swift in Sources */,
				B4000000000000000000000B /* APIClient.swift in Sources */,
			);
			runOnlyForDeploymentPostprocessing = 0;
		};
/* End PBXSourcesBuildPhase section */

/* Begin XCBuildConfiguration section */
		A7000000000000000000000A /* Debug */ = {
			isa = XCBuildConfiguration;
			buildSettings = {
				ALWAYS_SEARCH_USER_PATHS = NO;
				CLANG_ANALYZER_NONNULL = YES;
				CLANG_ANALYZER_NUMBER_OBJECT_CONVERSION = YES_AGGRESSIVE;
				CLANG_CXX_LANGUAGE_STANDARD = "gnu++20";
				CLANG_ENABLE_MODULES = YES;
				CLANG_ENABLE_OBJC_ARC = YES;
				CLANG_ENABLE_OBJC_WEAK = YES;
				COPY_PHASE_STRIP = NO;
				DEBUG_INFORMATION_FORMAT = dwarf;
				ENABLE_STRICT_OBJC_MSGSEND = YES;
				ENABLE_TESTABILITY = YES;
				GCC_C_LANGUAGE_STANDARD = gnu17;
				GCC_DYNAMIC_NO_PIC = NO;
				GCC_NO_COMMON_BLOCKS = YES;
				GCC_OPTIMIZATION_LEVEL = 0;
				GCC_PREPROCESSOR_DEFINITIONS = (
					"DEBUG=1",
					"$(inherited)",
				);
				MACOSX_DEPLOYMENT_TARGET = 14.0;
				MTL_ENABLE_DEBUG_INFO = INCLUDE_SOURCE;
				MTL_FAST_MATH = YES;
				ONLY_ACTIVE_ARCH = YES;
				SDKROOT = macosx;
				SWIFT_ACTIVE_COMPILATION_CONDITIONS = DEBUG;
				SWIFT_OPTIMIZATION_LEVEL = "-Onone";
			};
			name = Debug;
		};
		A8000000000000000000000A /* Release */ = {
			isa = XCBuildConfiguration;
			buildSettings = {
				ALWAYS_SEARCH_USER_PATHS = NO;
				CLANG_ANALYZER_NONNULL = YES;
				CLANG_ANALYZER_NUMBER_OBJECT_CONVERSION = YES_AGGRESSIVE;
				CLANG_CXX_LANGUAGE_STANDARD = "gnu++20";
				CLANG_ENABLE_MODULES = YES;
				CLANG_ENABLE_OBJC_ARC = YES;
				CLANG_ENABLE_OBJC_WEAK = YES;
				COPY_PHASE_STRIP = NO;
				DEBUG_INFORMATION_FORMAT = "dwarf-with-dsym";
				ENABLE_NS_ASSERTIONS = NO;
				ENABLE_STRICT_OBJC_MSGSEND = YES;
				GCC_C_LANGUAGE_STANDARD = gnu17;
				GCC_NO_COMMON_BLOCKS = YES;
				MACOSX_DEPLOYMENT_TARGET = 14.0;
				MTL_ENABLE_DEBUG_INFO = NO;
				MTL_FAST_MATH = YES;
				SDKROOT = macosx;
				SWIFT_COMPILATION_MODE = wholemodule;
			};
			name = Release;
		};
		A9000000000000000000000A /* Debug */ = {
			isa = XCBuildConfiguration;
			buildSettings = {
				ASSETCATALOG_COMPILER_GLOBAL_ACCENT_COLOR_NAME = AccentColor;
				CODE_SIGN_IDENTITY = "-";
				CODE_SIGN_STYLE = Automatic;
				COMBINE_HIDPI_IMAGES = YES;
				CURRENT_PROJECT_VERSION = 1;
				DEAD_CODE_STRIPPING = YES;
				ENABLE_HARDENED_RUNTIME = YES;
				GENERATE_INFOPLIST_FILE = NO;
				INFOPLIST_FILE = Paragonday/Info.plist;
				LD_RUNPATH_SEARCH_PATHS = (
					"$(inherited)",
					"@executable_path/../Frameworks",
				);
				MACOSX_DEPLOYMENT_TARGET = 14.0;
				MARKETING_VERSION = 1.0;
				PRODUCT_BUNDLE_IDENTIFIER = com.tealprocess.paragonday;
				PRODUCT_NAME = "$(TARGET_NAME)";
				SWIFT_EMIT_LOC_STRINGS = YES;
				SWIFT_VERSION = 5.0;
			};
			name = Debug;
		};
		AA000000000000000000000A /* Release */ = {
			isa = XCBuildConfiguration;
			buildSettings = {
				ASSETCATALOG_COMPILER_GLOBAL_ACCENT_COLOR_NAME = AccentColor;
				CODE_SIGN_IDENTITY = "-";
				CODE_SIGN_STYLE = Automatic;
				COMBINE_HIDPI_IMAGES = YES;
				CURRENT_PROJECT_VERSION = 1;
				DEAD_CODE_STRIPPING = YES;
				ENABLE_HARDENED_RUNTIME = YES;
				GENERATE_INFOPLIST_FILE = NO;
				INFOPLIST_FILE = Paragonday/Info.plist;
				LD_RUNPATH_SEARCH_PATHS = (
					"$(inherited)",
					"@executable_path/../Frameworks",
				);
				MACOSX_DEPLOYMENT_TARGET = 14.0;
				MARKETING_VERSION = 1.0;
				PRODUCT_BUNDLE_IDENTIFIER = com.tealprocess.paragonday;
				PRODUCT_NAME = "$(TARGET_NAME)";
				SWIFT_EMIT_LOC_STRINGS = YES;
				SWIFT_VERSION = 5.0;
			};
			name = Release;
		};
/* End XCBuildConfiguration section */

/* Begin XCConfigurationList section */
		A5000000000000000000000A /* Build configuration list for PBXProject "Paragonday" */ = {
			isa = XCConfigurationList;
			buildConfigurations = (
				A7000000000000000000000A /* Debug */,
				A8000000000000000000000A /* Release */,
			);
			defaultConfigurationIsVisible = 0;
			defaultConfigurationName = Release;
		};
		A6000000000000000000000A /* Build configuration list for PBXNativeTarget "Paragonday" */ = {
			isa = XCConfigurationList;
			buildConfigurations = (
				A9000000000000000000000A /* Debug */,
				AA000000000000000000000A /* Release */,
			);
			defaultConfigurationIsVisible = 0;
			defaultConfigurationName = Release;
		};
/* End XCConfigurationList section */
	};
	rootObject = A0000000000000000000000A /* Project object */;
}
